
Microsoft Visual Studio Solution File, Format Version 12.00
# Visual Studio Version 17
VisualStudioVersion = 17.10.35027.167
MinimumVisualStudioVersion = 10.0.40219.1
Project("{9A19103F-16F7-4668-BE54-9A1E7A4F7556}") = "TerminalRun", "TerminalRun.csproj", "{F8DFCFD1-2E91-4E18-9F9C-F6EA3B729FF2}"
EndProject
Project("{9A19103F-16F7-4668-BE54-9A1E7A4F7556}") = "Shared", "..\Shared\Shared.csproj", "{99DE832E-F5E5-4EC1-BB28-725A3D21447F}"
EndProject
Global
	GlobalSection(SolutionConfigurationPlatforms) = preSolution
		Debug|Any CPU = Debug|Any CPU
		Release|Any CPU = Release|Any CPU
	EndGlobalSection
	GlobalSection(ProjectConfigurationPlatforms) = postSolution
		{F8DFCFD1-2E91-4E18-9F9C-F6EA3B729FF2}.Debug|Any CPU.ActiveCfg = Debug|Any CPU
		{F8DFCFD1-2E91-4E18-9F9C-F6EA3B729FF2}.Debug|Any CPU.Build.0 = Debug|Any CPU
		{F8DFCFD1-2E91-4E18-9F9C-F6EA3B729FF2}.Release|Any CPU.ActiveCfg = Release|Any CPU
		{F8DFCFD1-2E91-4E18-9F9C-F6EA3B729FF2}.Release|Any CPU.Build.0 = Release|Any CPU
		{99DE832E-F5E5-4EC1-BB28-725A3D21447F}.Debug|Any CPU.ActiveCfg = Debug|Any CPU
		{99DE832E-F5E5-4EC1-BB28-725A3D21447F}.Debug|Any CPU.Build.0 = Debug|Any CPU
		{99DE832E-F5E5-4EC1-BB28-725A3D21447F}.Release|Any CPU.ActiveCfg = Release|Any CPU
		{99DE832E-F5E5-4EC1-BB28-725A3D21447F}.Release|Any CPU.Build.0 = Release|Any CPU
	EndGlobalSection
	GlobalSection(SolutionProperties) = preSolution
		HideSolutionNode = FALSE
	EndGlobalSection
	GlobalSection(ExtensibilityGlobals) = postSolution
		SolutionGuid = {24CEF02A-EE97-4FE9-82A3-9DB618E34A42}
	EndGlobalSection
EndGlobal
